// !$*UTF8*$!
{
	archiveVersion = 1;
	classes = {
	};
	objectVersion = 46;
	objects = {

/* Begin PBXBuildFile section */
		82F752A21E47EB040071B7E8 /* main.m in Sources */ = {isa = PBXBuildFile; fileRef = 82F752A11E47EB040071B7E8 /* main.m */; };
		82F752A51E47EB040071B7E8 /* AppDelegate.m in Sources */ = {isa = PBXBuildFile; fileRef = 82F752A41E47EB040071B7E8 /* AppDelegate.m */; };
		82F752A81E47EB040071B7E8 /* ViewController.m in Sources */ = {isa = PBXBuildFile; fileRef = 82F752A71E47EB040071B7E8 /* ViewController.m */; };
		82F752AB1E47EB040071B7E8 /* Main.storyboard in Resources */ = {isa = PBXBuildFile; fileRef = 82F752A91E47EB040071B7E8 /* Main.storyboard */; };
		82F752AD1E47EB040071B7E8 /* Assets.xcassets in Resources */ = {isa = PBXBuildFile; fileRef = 82F752AC1E47EB040071B7E8 /* Assets.xcassets */; };
		82F752B01E47EB040071B7E8 /* LaunchScreen.storyboard in Resources */ = {isa = PBXBuildFile; fileRef = 82F752AE1E47EB040071B7E8 /* LaunchScreen.storyboard */; };
/* End PBXBuildFile section */

/* Begin PBXFileReference section */
		82F7529D1E47EB040071B7E8 /* DI1_ObjC.app */ = {isa = PBXFileReference; explicitFileType = wrapper.application; includeInIndex = 0; path = DI1_ObjC.app; sourceTree = BUILT_PRODUCTS_DIR; };
		82F752A11E47EB040071B7E8 /* main.m */ = {isa = PBXFileReference; lastKnownFileType = sourcecode.c.objc; path = main.m; sourceTree = "<group>"; };
		82F752A31E47EB040071B7E8 /* AppDelegate.h */ = {isa = PBXFileReference; lastKnownFileType = sourcecode.c.h; path = AppDelegate.h; sourceTree = "<group>"; };
		82F752A41E47EB040071B7E8 /* AppDelegate.m */ = {isa = PBXFileReference; lastKnownFileType = sourcecode.c.objc; path = AppDelegate.m; sourceTree = "<group>"; };
		82F752A61E47EB040071B7E8 /* ViewController.h */ = {isa = PBXFileReference; lastKnownFileType = sourcecode.c.h; path = ViewController.h; sourceTree = "<group>"; };
		82F752A71E47EB040071B7E8 /* ViewController.m */ = {isa = PBXFileReference; lastKnownFileType = sourcecode.c.objc; path = ViewController.m; sourceTree = "<group>"; };
		82F752AA1E47EB040071B7E8 /* Base */ = {isa = PBXFileReference; lastKnownFileType = file.storyboard; name = Base; path = Base.lproj/Main.storyboard; sourceTree = "<group>"; };
		82F752AC1E47EB040071B7E8 /* Assets.xcassets */ = {isa = PBXFileReference; lastKnownFileType = folder.assetcatalog; path = Assets.xcassets; sourceTree = "<group>"; };
		82F752AF1E47EB040071B7E8 /* Base */ = {isa = PBXFileReference; lastKnownFileType = file.storyboard; name = Base; path = Base.lproj/LaunchScreen.storyboard; sourceTree = "<group>"; };
		82F752B11E47EB040071B7E8 /* Info.plist */ = {isa = PBXFileReference; lastKnownFileType = text.plist.xml; path = Info.plist; sourceTree = "<group>"; };
/* End PBXFileReference section */

/* Begin PBXFrameworksBuildPhase section */
		82F7529A1E47EB040071B7E8 /* Frameworks */ = {
			isa = PBXFrameworksBuildPhase;
			buildActionMask = 2147483647;
			files = (
			);
			runOnlyForDeploymentPostprocessing = 0;
		};
/* End PBXFrameworksBuildPhase section */

/* Begin PBXGroup section */
		82F752941E47EB040071B7E8 = {
			isa = PBXGroup;
			children = (
				82F7529F1E47EB040071B7E8 /* DI1_ObjC */,
				82F7529E1E47EB040071B7E8 /* Products */,
			);
			sourceTree = "<group>";
		};
		82F7529E1E47EB040071B7E8 /* Products */ = {
			isa = PBXGroup;
			children = (
				82F7529D1E47EB040071B7E8 /* DI1_ObjC.app */,
			);
			name = Products;
			sourceTree = "<group>";
		};
		82F7529F1E47EB040071B7E8 /* DI1_ObjC */ = {
			isa = PBXGroup;
			children = (
				82F752B81E47EB4F0071B7E8 /* Classes */,
				82F752B71E47EB470071B7E8 /* Interfaces */,
				82F752A31E47EB040071B7E8 /* AppDelegate.h */,
				82F752A41E47EB040071B7E8 /* AppDelegate.m */,
				82F752A61E47EB040071B7E8 /* ViewController.h */,
				82F752A71E47EB040071B7E8 /* ViewController.m */,
				82F752A91E47EB040071B7E8 /* Main.storyboard */,
				82F752AC1E47EB040071B7E8 /* Assets.xcassets */,
				82F752AE1E47EB040071B7E8 /* LaunchScreen.storyboard */,
				82F752B11E47EB040071B7E8 /* Info.plist */,
				82F752A01E47EB040071B7E8 /* Supporting Files */,
			);
			path = DI1_ObjC;
			sourceTree = "<group>";
		};
		82F752A01E47EB040071B7E8 /* Supporting Files */ = {
			isa = PBXGroup;
			children = (
				82F752A11E47EB040071B7E8 /* main.m */,
			);
			name = "Supporting Files";
			sourceTree = "<group>";
		};
		82F752B71E47EB470071B7E8 /* Interfaces */ = {
			isa = PBXGroup;
			children = (
			);
			name = Interfaces;
			sourceTree = "<group>";
		};
		82F752B81E47EB4F0071B7E8 /* Classes */ = {
			isa = PBXGroup;
			children = (
			);
			name = Classes;
			sourceTree = "<group>";
		};
/* End PBXGroup section */

/* Begin PBXNativeTarget section */
		82F7529C1E47EB040071B7E8 /* DI1_ObjC */ = {
			isa = PBXNativeTarget;
			buildConfigurationList = 82F752B41E47EB040071B7E8 /* Build configuration list for PBXNativeTarget "DI1_ObjC" */;
			buildPhases = (
				82F752991E47EB040071B7E8 /* Sources */,
				82F7529A1E47EB040071B7E8 /* Frameworks */,
				82F7529B1E47EB040071B7E8 /* Resources */,
			);
			buildRules = (
			);
			dependencies = (
			);
			name = DI1_ObjC;
			productName = DI1_ObjC;
			productReference = 82F7529D1E47EB040071B7E8 /* DI1_ObjC.app */;
			productType = "com.apple.product-type.application";
		};
/* End PBXNativeTarget section */

/* Begin PBXProject section */
		82F752951E47EB040071B7E8 /* Project object */ = {
			isa = PBXProject;
			attributes = {
				LastUpgradeCheck = 0820;
				ORGANIZATIONNAME = Apps4A;
				TargetAttributes = {
					82F7529C1E47EB040071B7E8 = {
						CreatedOnToolsVersion = 8.2.1;
						ProvisioningStyle = Automatic;
					};
				};
			};
			buildConfigurationList = 82F752981E47EB040071B7E8 /* Build configuration list for PBXProject "DI1_ObjC" */;
			compatibilityVersion = "Xcode 3.2";
			developmentRegion = English;
			hasScannedForEncodings = 0;
			knownRegions = (
				en,
				Base,
			);
			mainGroup = 82F752941E47EB040071B7E8;
			productRefGroup = 82F7529E1E47EB040071B7E8 /* Products */;
			projectDirPath = "";
			projectRoot = "";
			targets = (
				82F7529C1E47EB040071B7E8 /* DI1_ObjC */,
			);
		};
/* End PBXProject section */

/* Begin PBXResourcesBuildPhase section */
		82F7529B1E47EB040071B7E8 /* Resources */ = {
			isa = PBXResourcesBuildPhase;
			buildActionMask = 2147483647;
			files = (
				82F752B01E47EB040071B7E8 /* LaunchScreen.storyboard in Resources */,
				82F752AD1E47EB040071B7E8 /* Assets.xcassets in Resources */,
				82F752AB1E47EB040071B7E8 /* Main.storyboard in Resources */,
			);
			runOnlyForDeploymentPostprocessing = 0;
		};
/* End PBXResourcesBuildPhase section */

/* Begin PBXSourcesBuildPhase section */
		82F752991E47EB040071B7E8 /* Sources */ = {
			isa = PBXSourcesBuildPhase;
			buildActionMask = 2147483647;
			files = (
				82F752A81E47EB040071B7E8 /* ViewController.m in Sources */,
				82F752A51E47EB040071B7E8 /* AppDelegate.m in Sources */,
				82F752A21E47EB040071B7E8 /* main.m in Sources */,
			);
			runOnlyForDeploymentPostprocessing = 0;
		};
/* End PBXSourcesBuildPhase section */

/* Begin PBXVariantGroup section */
		82F752A91E47EB040071B7E8 /* Main.storyboard */ = {
			isa = PBXVariantGroup;
			children = (
				82F752AA1E47EB040071B7E8 /* Base */,
			);
			name = Main.storyboard;
			sourceTree = "<group>";
		};
		82F752AE1E47EB040071B7E8 /* LaunchScreen.storyboard */ = {
			isa = PBXVariantGroup;
			children = (
				82F752AF1E47EB040071B7E8 /* Base */,
			);
			name = LaunchScreen.storyboard;
			sourceTree = "<group>";
		};
/* End PBXVariantGroup section */

/* Begin XCBuildConfiguration section */
		82F752B21E47EB040071B7E8 /* Debug */ = {
			isa = XCBuildConfiguration;
			buildSettings = {
				ALWAYS_SEARCH_USER_PATHS = NO;
				CLANG_ANALYZER_NONNULL = YES;
				CLANG_CXX_LANGUAGE_STANDARD = "gnu++0x";
				CLANG_CXX_LIBRARY = "libc++";
				CLANG_ENABLE_MODULES = YES;
				CLANG_ENABLE_OBJC_ARC = YES;
				CLANG_WARN_BOOL_CONVERSION = YES;
				CLANG_WARN_CONSTANT_CONVERSION = YES;
				CLANG_WARN_DIRECT_OBJC_ISA_USAGE = YES_ERROR;
				CLANG_WARN_DOCUMENTATION_COMMENTS = YES;
				CLANG_WARN_EMPTY_BODY = YES;
				CLANG_WARN_ENUM_CONVERSION = YES;
				CLANG_WARN_INFINITE_RECURSION = YES;
				CLANG_WARN_INT_CONVERSION = YES;
				CLANG_WARN_OBJC_ROOT_CLASS = YES_ERROR;
				CLANG_WARN_SUSPICIOUS_MOVE = YES;
				CLANG_WARN_UNREACHABLE_CODE = YES;
				CLANG_WARN__DUPLICATE_METHOD_MATCH = YES;
				"CODE_SIGN_IDENTITY[sdk=iphoneos*]" = "iPhone Developer";
				COPY_PHASE_STRIP = NO;
				DEBUG_INFORMATION_FORMAT = dwarf;
				ENABLE_STRICT_OBJC_MSGSEND = YES;
				ENABLE_TESTABILITY = YES;
				GCC_C_LANGUAGE_STANDARD = gnu99;
				GCC_DYNAMIC_NO_PIC = NO;
				GCC_NO_COMMON_BLOCKS = YES;
				GCC_OPTIMIZATION_LEVEL = 0;
				GCC_PREPROCESSOR_DEFINITIONS = (
					"DEBUG=1",
					"$(inherited)",
				);
				GCC_WARN_64_TO_32_BIT_CONVERSION = YES;
				GCC_WARN_ABOUT_RETURN_TYPE = YES_ERROR;
				GCC_WARN_UNDECLARED_SELECTOR = YES;
				GCC_WARN_UNINITIALIZED_AUTOS = YES_AGGRESSIVE;
				GCC_WARN_UNUSED_FUNCTION = YES;
				GCC_WARN_UNUSED_VARIABLE = YES;
				IPHONEOS_DEPLOYMENT_TARGET = 10.2;
				MTL_ENABLE_DEBUG_INFO = YES;
				ONLY_ACTIVE_ARCH = YES;
				SDKROOT = iphoneos;
			};
			name = Debug;
		};
		82F752B31E47EB040071B7E8 /* Release */ = {
			isa = XCBuildConfiguration;
			buildSettings = {
				ALWAYS_SEARCH_USER_PATHS = NO;
				CLANG_ANALYZER_NONNULL = YES;
				CLANG_CXX_LANGUAGE_STANDARD = "gnu++0x";
				CLANG_CXX_LIBRARY = "libc++";
				CLANG_ENABLE_MODULES = YES;
				CLANG_ENABLE_OBJC_ARC = YES;
				CLANG_WARN_BOOL_CONVERSION = YES;
				CLANG_WARN_CONSTANT_CONVERSION = YES;
				CLANG_WARN_DIRECT_OBJC_ISA_USAGE = YES_ERROR;
				CLANG_WARN_DOCUMENTATION_COMMENTS = YES;
				CLANG_WARN_EMPTY_BODY = YES;
				CLANG_WARN_ENUM_CONVERSION = YES;
				CLANG_WARN_INFINITE_RECURSION = YES;
				CLANG_WARN_INT_CONVERSION = YES;
				CLANG_WARN_OBJC_ROOT_CLASS = YES_ERROR;
				CLANG_WARN_SUSPICIOUS_MOVE = YES;
				CLANG_WARN_UNREACHABLE_CODE = YES;
				CLANG_WARN__DUPLICATE_METHOD_MATCH = YES;
				"CODE_SIGN_IDENTITY[sdk=iphoneos*]" = "iPhone Developer";
				COPY_PHASE_STRIP = NO;
				DEBUG_INFORMATION_FORMAT = "dwarf-with-dsym";
				ENABLE_NS_ASSERTIONS = NO;
				ENABLE_STRICT_OBJC_MSGSEND = YES;
				GCC_C_LANGUAGE_STANDARD = gnu99;
				GCC_NO_COMMON_BLOCKS = YES;
				GCC_WARN_64_TO_32_BIT_CONVERSION = YES;
				GCC_WARN_ABOUT_RETURN_TYPE = YES_ERROR;
				GCC_WARN_UNDECLARED_SELECTOR = YES;
				GCC_WARN_UNINITIALIZED_AUTOS = YES_AGGRESSIVE;
				GCC_WARN_UNUSED_FUNCTION = YES;
				GCC_WARN_UNUSED_VARIABLE = YES;
				IPHONEOS_DEPLOYMENT_TARGET = 10.2;
				MTL_ENABLE_DEBUG_INFO = NO;
				SDKROOT = iphoneos;
				VALIDATE_PRODUCT = YES;
			};
			name = Release;
		};
		82F752B51E47EB040071B7E8 /* Debug */ = {
			isa = XCBuildConfiguration;
			buildSettings = {
				ASSETCATALOG_COMPILER_APPICON_NAME = AppIcon;
				INFOPLIST_FILE = DI1_ObjC/Info.plist;
				LD_RUNPATH_SEARCH_PATHS = "$(inherited) @executable_path/Frameworks";
				PRODUCT_BUNDLE_IDENTIFIER = "com.apps4s.DI1-ObjC";
				PRODUCT_NAME = "$(TARGET_NAME)";
			};
			name = Debug;
		};
		82F752B61E47EB040071B7E8 /* Release */ = {
			isa = XCBuildConfiguration;
			buildSettings = {
				ASSETCATALOG_COMPILER_APPICON_NAME = AppIcon;
				INFOPLIST_FILE = DI1_ObjC/Info.plist;
				LD_RUNPATH_SEARCH_PATHS = "$(inherited) @executable_path/Frameworks";
				PRODUCT_BUNDLE_IDENTIFIER = "com.apps4s.DI1-ObjC";
				PRODUCT_NAME = "$(TARGET_NAME)";
			};
			name = Release;
		};
/* End XCBuildConfiguration section */

/* Begin XCConfigurationList section */
		82F752981E47EB040071B7E8 /* Build configuration list for PBXProject "DI1_ObjC" */ = {
			isa = XCConfigurationList;
			buildConfigurations = (
				82F752B21E47EB040071B7E8 /* Debug */,
				82F752B31E47EB040071B7E8 /* Release */,
			);
			defaultConfigurationIsVisible = 0;
			defaultConfigurationName = Release;
		};
		82F752B41E47EB040071B7E8 /* Build configuration list for PBXNativeTarget "DI1_ObjC" */ = {
			isa = XCConfigurationList;
			buildConfigurations = (
				82F752B51E47EB040071B7E8 /* Debug */,
				82F752B61E47EB040071B7E8 /* Release */,
			);
			defaultConfigurationIsVisible = 0;
		};
/* End XCConfigurationList section */
	};
	rootObject = 82F752951E47EB040071B7E8 /* Project object */;
}
